# This file is @generated by PDM.
# It is not intended for manual editing.

[[package]]
name = "databases"
version = "0.7.0"
requires_python = ">=3.7"
summary = "Async database support for Python."
dependencies = [
    "sqlalchemy<1.5,>=1.4.42",
]

[[package]]
name = "greenlet"
version = "2.0.2"
requires_python = ">=2.7,!=3.0.*,!=3.1.*,!=3.2.*,!=3.3.*,!=3.4.*"
summary = "Lightweight in-process concurrent programming"

[[package]]
name = "sqlalchemy"
version = "1.4.48"
requires_python = "!=3.0.*,!=3.1.*,!=3.2.*,!=3.3.*,!=3.4.*,!=3.5.*,>=2.7"
summary = "Database Abstraction Library"
dependencies = [
    "greenlet!=0.4.17; python_version >= \"3\" and (platform_machine == \"aarch64\" or (platform_machine == \"ppc64le\" or (platform_machine == \"x86_64\" or (platform_machine == \"amd64\" or (platform_machine == \"AMD64\" or (platform_machine == \"win32\" or platform_machine == \"WIN32\"))))))",
]

[metadata]
lock_version = "4.2"
groups = ["default"]
content_hash = "sha256:190516358ca4515f3214ab318c66fc55a758a2783e765cc4f30531ba4571fa60"

[metadata.files]
"databases 0.7.0" = [
    {url = "https://files.pythonhosted.org/packages/9b/b3/662ed2b70acc27e030bd2995de5aba17e94a7f23d4e854aa86d4809e89dc/databases-0.7.0-py3-none-any.whl", hash = "sha256:cf5da4b8a3e3cd038c459529725ebb64931cbbb7a091102664f20ef8f6cefd0d"},
    {url = "https://files.pythonhosted.org/packages/ef/e3/58f4f05d89b5f3141faec4dc6f52f20f15dbf54fff6116395c95eafd5763/databases-0.7.0.tar.gz", hash = "sha256:ea2d419d3d2eb80595b7ceb8f282056f080af62efe2fb9bcd83562f93ec4b674"},
]
"greenlet 2.0.2" = [
    {url = "https://files.pythonhosted.org/packages/07/ef/6bfa2ea34f76dea02833d66d28ae7cf4729ddab74ee93ee069c7f1d47c4f/greenlet-2.0.2-cp37-cp37m-macosx_10_15_x86_64.whl", hash = "sha256:d5508f0b173e6aa47273bdc0a0b5ba055b59662ba7c7ee5119528f466585526b"},
    {url = "https://files.pythonhosted.org/packages/08/b1/0615df6393464d6819040124eb7bdff6b682f206a464b4537964819dcab4/greenlet-2.0.2-cp36-cp36m-manylinux_2_17_aarch64.manylinux2014_aarch64.whl", hash = "sha256:2dd11f291565a81d71dab10b7033395b7a3a5456e637cf997a6f33ebdf06f8db"},
    {url = "https://files.pythonhosted.org/packages/09/57/5fdd37939e0989a756a32d0a838409b68d1c5d348115e9c697f42ee4f87d/greenlet-2.0.2-cp39-cp39-manylinux_2_17_aarch64.manylinux2014_aarch64.whl", hash = "sha256:971ce5e14dc5e73715755d0ca2975ac88cfdaefcaab078a284fea6cfabf866df"},
    {url = "https://files.pythonhosted.org/packages/09/93/d7ed73f82b6f1045dd5d98f063fa16da5273d0812c42f38229d28882762b/greenlet-2.0.2-cp39-cp39-win32.whl", hash = "sha256:ea9872c80c132f4663822dd2a08d404073a5a9b5ba6155bea72fb2a79d1093b5"},
    {url = "https://files.pythonhosted.org/packages/0a/46/96b37dcfe9c9d39b2d2f060a5775139ce8a440315a1ca2667a6b83a2860e/greenlet-2.0.2-cp310-cp310-macosx_11_0_x86_64.whl", hash = "sha256:30bcf80dda7f15ac77ba5af2b961bdd9dbc77fd4ac6105cee85b0d0a5fcf74df"},
    {url = "https://files.pythonhosted.org/packages/0a/54/cbc1096b883b2d1c0c1454837f089971de814ba5ce42be04cf0716a06000/greenlet-2.0.2-cp36-cp36m-manylinux_2_17_ppc64le.manylinux2014_ppc64le.whl", hash = "sha256:e0f72c9ddb8cd28532185f54cc1453f2c16fb417a08b53a855c4e6a418edd099"},
    {url = "https://files.pythonhosted.org/packages/0d/f6/2d406a22767029e785154071bef79b296f91b92d1c199ec3c2202386bf04/greenlet-2.0.2-cp38-cp38-manylinux_2_17_ppc64le.manylinux2014_ppc64le.whl", hash = "sha256:8eab883b3b2a38cc1e050819ef06a7e6344d4a990d24d45bc6f2cf959045a45b"},
    {url = "https://files.pythonhosted.org/packages/17/f9/7f5d755380d329e44307c2f6e52096740fdebb92e7e22516811aeae0aec0/greenlet-2.0.2-cp310-cp310-musllinux_1_1_x86_64.whl", hash = "sha256:76ae285c8104046b3a7f06b42f29c7b73f77683df18c49ab5af7983994c2dd91"},
    {url = "https://files.pythonhosted.org/packages/1d/a0/697653ea5e35acaf28e2a1246645ac512beb9b49a86b310fd0151b075342/greenlet-2.0.2-cp39-cp39-manylinux2010_x86_64.whl", hash = "sha256:561091a7be172ab497a3527602d467e2b3fbe75f9e783d8b8ce403fa414f71a6"},
    {url = "https://files.pythonhosted.org/packages/1e/1e/632e55a04d732c8184201238d911207682b119c35cecbb9a573a6c566731/greenlet-2.0.2.tar.gz", hash = "sha256:e7c8dc13af7db097bed64a051d2dd49e9f0af495c26995c00a9ee842690d34c0"},
    {url = "https://files.pythonhosted.org/packages/1f/42/95800f165d20fb8269fe6a3ac494649718ede074b1d8a78f58ee2ebda27a/greenlet-2.0.2-cp37-cp37m-musllinux_1_1_x86_64.whl", hash = "sha256:18e98fb3de7dba1c0a852731c3070cf022d14f0d68b4c87a19cc1016f3bb8b33"},
    {url = "https://files.pythonhosted.org/packages/20/28/c93ffaa75f3c907cd010bf44c5c18c7f8f4bb2409146bd67d538163e33b8/greenlet-2.0.2-cp39-cp39-musllinux_1_1_aarch64.whl", hash = "sha256:1a819eef4b0e0b96bb0d98d797bef17dc1b4a10e8d7446be32d1da33e095dbb8"},
    {url = "https://files.pythonhosted.org/packages/29/c4/fe82cb9ff1bffc52a3832e35fa49cce63e5d366808179153ee879ce47cc9/greenlet-2.0.2-cp27-cp27m-manylinux2010_x86_64.whl", hash = "sha256:9d14b83fab60d5e8abe587d51c75b252bcc21683f24699ada8fb275d7712f5a9"},
    {url = "https://files.pythonhosted.org/packages/37/b9/3ebd606768bee3ef2198fe6d5e7c6c3af42ad3e06b56c1d0a89c56faba2a/greenlet-2.0.2-cp38-cp38-manylinux2010_x86_64.whl", hash = "sha256:ba2956617f1c42598a308a84c6cf021a90ff3862eddafd20c3333d50f0edb45b"},
    {url = "https://files.pythonhosted.org/packages/3a/69/a6d3d7abd0f36438ff5fab52572fd107966939d59ef9b8309263ab89f607/greenlet-2.0.2-cp35-cp35m-macosx_10_14_x86_64.whl", hash = "sha256:910841381caba4f744a44bf81bfd573c94e10b3045ee00de0cbf436fe50673a6"},
    {url = "https://files.pythonhosted.org/packages/42/d0/285b81442d8552b1ae6a2ff38caeec94ab90507c9740da718189416e8e6e/greenlet-2.0.2-cp27-cp27m-macosx_10_14_x86_64.whl", hash = "sha256:bdfea8c661e80d3c1c99ad7c3ff74e6e87184895bbaca6ee8cc61209f8b9b85d"},
    {url = "https://files.pythonhosted.org/packages/43/81/e0a656e3a417b172f834ba5a08dde02b55fd249416c1e933d62ffb6734d0/greenlet-2.0.2-cp37-cp37m-manylinux_2_17_ppc64le.manylinux2014_ppc64le.whl", hash = "sha256:2780572ec463d44c1d3ae850239508dbeb9fed38e294c68d19a24d925d9223ca"},
    {url = "https://files.pythonhosted.org/packages/49/b8/3ee1723978245e6f0c087908689f424876803ec05555400681240ab2ab33/greenlet-2.0.2-cp39-cp39-manylinux_2_17_ppc64le.manylinux2014_ppc64le.whl", hash = "sha256:be4ed120b52ae4d974aa40215fcdfde9194d63541c7ded40ee12eb4dda57b76b"},
    {url = "https://files.pythonhosted.org/packages/4d/b2/32f737e1fcf67b23351b4860489029df562b41d7ffb568a3e1ae610f7a9b/greenlet-2.0.2-cp39-cp39-musllinux_1_1_x86_64.whl", hash = "sha256:7efde645ca1cc441d6dc4b48c0f7101e8d86b54c8530141b09fd31cef5149ec9"},
    {url = "https://files.pythonhosted.org/packages/50/3d/7e3d95b955722c514f982bdf6bbe92bb76218b0036dd9b093ae0c168d63a/greenlet-2.0.2-cp38-cp38-macosx_10_15_x86_64.whl", hash = "sha256:b864ba53912b6c3ab6bcb2beb19f19edd01a6bfcbdfe1f37ddd1778abfe75a30"},
    {url = "https://files.pythonhosted.org/packages/52/39/fa5212bc9ac588c62e52213d4fab30a348059842883410724f9d0408c0f4/greenlet-2.0.2-cp27-cp27m-win_amd64.whl", hash = "sha256:283737e0da3f08bd637b5ad058507e578dd462db259f7f6e4c5c365ba4ee9343"},
    {url = "https://files.pythonhosted.org/packages/53/0f/637f6e18e1980ebd2eedd8a9918a7898a6fe44f6188f6f39c6d9181c9891/greenlet-2.0.2-cp310-cp310-win_amd64.whl", hash = "sha256:2d4686f195e32d36b4d7cf2d166857dbd0ee9f3d20ae349b6bf8afc8485b3645"},
    {url = "https://files.pythonhosted.org/packages/54/ce/3a589ec27bd5de97707d2a193716bbe412ccbdb1479f0c3f990789c8fa8c/greenlet-2.0.2-cp37-cp37m-manylinux_2_17_aarch64.manylinux2014_aarch64.whl", hash = "sha256:c9c59a2120b55788e800d82dfa99b9e156ff8f2227f07c5e3012a45a399620b7"},
    {url = "https://files.pythonhosted.org/packages/57/a8/079c59b8f5406957224f4f4176e9827508d555beba6d8635787d694226d1/greenlet-2.0.2-cp35-cp35m-manylinux2010_x86_64.whl", hash = "sha256:18a7f18b82b52ee85322d7a7874e676f34ab319b9f8cce5de06067384aa8ff43"},
    {url = "https://files.pythonhosted.org/packages/5a/30/5eab5cbb99263c7d8305657587381c84da2a71fddb07dd5efbfaeecf7264/greenlet-2.0.2-cp37-cp37m-manylinux_2_17_x86_64.manylinux2014_x86_64.whl", hash = "sha256:937e9020b514ceedb9c830c55d5c9872abc90f4b5862f89c0887033ae33c6f73"},
    {url = "https://files.pythonhosted.org/packages/6a/3d/77bd8dd7dd0b872eac87f1edf6fcd94d9d7666befb706ae3a08ed25fbea7/greenlet-2.0.2-cp36-cp36m-win32.whl", hash = "sha256:dbfcfc0218093a19c252ca8eb9aee3d29cfdcb586df21049b9d777fd32c14fd9"},
    {url = "https://files.pythonhosted.org/packages/6b/2f/1cb3f376df561c95cb61b199676f51251f991699e325a2aa5e12693d10b8/greenlet-2.0.2-cp311-cp311-manylinux_2_17_ppc64le.manylinux2014_ppc64le.whl", hash = "sha256:a1846f1b999e78e13837c93c778dcfc3365902cfb8d1bdb7dd73ead37059f0d0"},
    {url = "https://files.pythonhosted.org/packages/6b/cd/84301cdf80360571f6aa77ac096f867ba98094fec2cb93e69c93d996b8f8/greenlet-2.0.2-cp38-cp38-musllinux_1_1_x86_64.whl", hash = "sha256:b0ef99cdbe2b682b9ccbb964743a6aca37905fda5e0452e5ee239b1654d37f2a"},
    {url = "https://files.pythonhosted.org/packages/6e/11/a1f1af20b6a1a8069bc75012569d030acb89fd7ef70f888b6af2f85accc6/greenlet-2.0.2-cp310-cp310-manylinux_2_17_x86_64.manylinux2014_x86_64.whl", hash = "sha256:d75209eed723105f9596807495d58d10b3470fa6732dd6756595e89925ce2470"},
    {url = "https://files.pythonhosted.org/packages/71/c5/c26840ce91bcbbfc42c1a246289d9d4c758663652669f24e37f84bcdae2a/greenlet-2.0.2-cp311-cp311-musllinux_1_1_x86_64.whl", hash = "sha256:5454276c07d27a740c5892f4907c86327b632127dd9abec42ee62e12427ff7e3"},
    {url = "https://files.pythonhosted.org/packages/7c/5f/ee39d27a08ae6b93f14faa953a6593dad888df75ae55ff479135e64ad4fe/greenlet-2.0.2-cp38-cp38-manylinux_2_17_x86_64.manylinux2014_x86_64.whl", hash = "sha256:acd2162a36d3de67ee896c43effcd5ee3de247eb00354db411feb025aa319857"},
    {url = "https://files.pythonhosted.org/packages/7c/f8/275f7fb1585d5e7dfbc18b4eb78282fbc85986f2eb8a185e7ebc60522cc2/greenlet-2.0.2-cp36-cp36m-macosx_10_14_x86_64.whl", hash = "sha256:703f18f3fda276b9a916f0934d2fb6d989bf0b4fb5a64825260eb9bfd52d78f0"},
    {url = "https://files.pythonhosted.org/packages/7e/a6/0a34cde83fe520fa4e8192a1bc0fc7bf9f755215fefe3f42c9b97c45c620/greenlet-2.0.2-cp311-cp311-win_amd64.whl", hash = "sha256:7cafd1208fdbe93b67c7086876f061f660cfddc44f404279c1585bbf3cdc64c5"},
    {url = "https://files.pythonhosted.org/packages/83/d1/cc273f8f5908940d6666a3db8637d2e24913a2e8e5034012b19ac291a2a0/greenlet-2.0.2-cp36-cp36m-musllinux_1_1_aarch64.whl", hash = "sha256:3c9b12575734155d0c09d6c3e10dbd81665d5c18e1a7c6597df72fd05990c8cf"},
    {url = "https://files.pythonhosted.org/packages/86/8d/3a18311306830f6db5f5676a1cb8082c8943bfa6c928b40006e5358170fc/greenlet-2.0.2-cp311-cp311-manylinux_2_17_x86_64.manylinux2014_x86_64.whl", hash = "sha256:3a06ad5312349fec0ab944664b01d26f8d1f05009566339ac6f63f56589bc1a2"},
    {url = "https://files.pythonhosted.org/packages/93/40/db2803f88326149ddcd1c00092e1e36ef55d31922812863753143a9aca01/greenlet-2.0.2-cp36-cp36m-manylinux_2_17_x86_64.manylinux2014_x86_64.whl", hash = "sha256:cd021c754b162c0fb55ad5d6b9d960db667faad0fa2ff25bb6e1301b0b6e6a75"},
    {url = "https://files.pythonhosted.org/packages/9d/ae/8ee23a9b63f854acc66ed0da7220130d87c861153cbc8ea07d11b61567f1/greenlet-2.0.2-cp36-cp36m-musllinux_1_1_x86_64.whl", hash = "sha256:b9ec052b06a0524f0e35bd8790686a1da006bd911dd1ef7d50b77bfbad74e292"},
    {url = "https://files.pythonhosted.org/packages/a1/ea/66e69cf3034be99a1959b2bdd178f5176979e0e63107a37a194c90c49b40/greenlet-2.0.2-cp38-cp38-win_amd64.whl", hash = "sha256:4d2e11331fc0c02b6e84b0d28ece3a36e0548ee1a1ce9ddde03752d9b79bba40"},
    {url = "https://files.pythonhosted.org/packages/a3/6c/dde49c63ab2f12d2ce401620dbe1a80830109f5f310bdd2f96d2e259de37/greenlet-2.0.2-cp36-cp36m-win_amd64.whl", hash = "sha256:9f35ec95538f50292f6d8f2c9c9f8a3c6540bbfec21c9e5b4b751e0a7c20864f"},
    {url = "https://files.pythonhosted.org/packages/a8/7a/5542d863a91b3309585219bae7d97aa82fe0482499a840c100297262ec8f/greenlet-2.0.2-cp311-cp311-macosx_10_9_universal2.whl", hash = "sha256:c4302695ad8027363e96311df24ee28978162cdcdd2006476c43970b384a244c"},
    {url = "https://files.pythonhosted.org/packages/aa/21/6bbd8062fee551f747f5334b7ccd503693704ac4f3183fd8232e2af77bff/greenlet-2.0.2-cp35-cp35m-win32.whl", hash = "sha256:03a8f4f3430c3b3ff8d10a2a86028c660355ab637cee9333d63d66b56f09d52a"},
    {url = "https://files.pythonhosted.org/packages/ac/4a/3ceafef892b8428f77468506bc5a12d835fb9f150129d1a9704902cb4a2a/greenlet-2.0.2-cp35-cp35m-win_amd64.whl", hash = "sha256:4b58adb399c4d61d912c4c331984d60eb66565175cdf4a34792cd9600f21b394"},
    {url = "https://files.pythonhosted.org/packages/b3/89/1d3b78577a6b2762cb254f6ce5faec9b7c7b23052d1cdb7237273ff37d10/greenlet-2.0.2-cp39-cp39-win_amd64.whl", hash = "sha256:db1a39669102a1d8d12b57de2bb7e2ec9066a6f2b3da35ae511ff93b01b5d564"},
    {url = "https://files.pythonhosted.org/packages/c4/92/bbd9373fb022c21d1c41bc74b043d8d007825f80bb9534f0dd2f7ed62bca/greenlet-2.0.2-cp310-cp310-musllinux_1_1_aarch64.whl", hash = "sha256:3a51c9751078733d88e013587b108f1b7a1fb106d402fb390740f002b6f6551a"},
    {url = "https://files.pythonhosted.org/packages/c5/ab/a69a875a45474cc5776b879258bfa685e99aae992ab310a0b8f773fe56a0/greenlet-2.0.2-cp310-cp310-manylinux_2_17_aarch64.manylinux2014_aarch64.whl", hash = "sha256:26fbfce90728d82bc9e6c38ea4d038cba20b7faf8a0ca53a9c07b67318d46088"},
    {url = "https://files.pythonhosted.org/packages/c7/c9/2637e49b0ef3f17d7eaa52c5af5bfbda5f058e8ee97bd9418978b90e1169/greenlet-2.0.2-cp38-cp38-manylinux_2_17_aarch64.manylinux2014_aarch64.whl", hash = "sha256:fc3a569657468b6f3fb60587e48356fe512c1754ca05a564f11366ac9e306526"},
    {url = "https://files.pythonhosted.org/packages/ca/1a/90f2ae7e3df48cbd42af5df47cf9ee37a6c6a78b1941acbc7eac029f5a44/greenlet-2.0.2-cp27-cp27mu-manylinux2010_x86_64.whl", hash = "sha256:d27ec7509b9c18b6d73f2f5ede2622441de812e7b1a80bbd446cb0633bd3d5ae"},
    {url = "https://files.pythonhosted.org/packages/cd/e8/1ebc8f07d795c3677247e37dae23463a655636a4be387b0d739fa8fd9b2f/greenlet-2.0.2-cp310-cp310-manylinux_2_17_ppc64le.manylinux2014_ppc64le.whl", hash = "sha256:9190f09060ea4debddd24665d6804b995a9c122ef5917ab26e1566dcc712ceeb"},
    {url = "https://files.pythonhosted.org/packages/d2/28/5cf37650334935c6a51313c70c4ec00fb1fad801a551c36afcfc9c03e80b/greenlet-2.0.2-cp36-cp36m-manylinux2010_x86_64.whl", hash = "sha256:32e5b64b148966d9cccc2c8d35a671409e45f195864560829f395a54226408d3"},
    {url = "https://files.pythonhosted.org/packages/d6/c4/f91d771a6628155676765c419c70d6d0ede9b5f3c023102c47ee2f45eadf/greenlet-2.0.2-cp37-cp37m-musllinux_1_1_aarch64.whl", hash = "sha256:36abbf031e1c0f79dd5d596bfaf8e921c41df2bdf54ee1eed921ce1f52999a86"},
    {url = "https://files.pythonhosted.org/packages/da/45/2600faf65f318767d2c24b6fce6bb0ad3721e8cb3eb9d7743aefcca8a6a6/greenlet-2.0.2-cp38-cp38-win32.whl", hash = "sha256:b80f600eddddce72320dbbc8e3784d16bd3fb7b517e82476d8da921f27d4b249"},
    {url = "https://files.pythonhosted.org/packages/e5/ad/91a8f63881c862bb396cefc33d7faa241bf200df7ba96a1961a99329ed15/greenlet-2.0.2-cp38-cp38-musllinux_1_1_aarch64.whl", hash = "sha256:0bf60faf0bc2468089bdc5edd10555bab6e85152191df713e2ab1fcc86382b5a"},
    {url = "https://files.pythonhosted.org/packages/e6/0e/591ea935b63aa3aed3836976779e5d1324aa4b2961f7355ff5d1f296066b/greenlet-2.0.2-cp37-cp37m-manylinux2010_x86_64.whl", hash = "sha256:f82d4d717d8ef19188687aa32b8363e96062911e63ba22a0cff7802a8e58e5f1"},
    {url = "https://files.pythonhosted.org/packages/e8/3a/ebc4fa1e813ae1fa718eb88417c31587e2efb743ed5f6ff0ae066502c349/greenlet-2.0.2-cp311-cp311-manylinux_2_17_aarch64.manylinux2014_aarch64.whl", hash = "sha256:c48f54ef8e05f04d6eff74b8233f6063cb1ed960243eacc474ee73a2ea8573ca"},
    {url = "https://files.pythonhosted.org/packages/e9/29/2ae545c4c0218b042c2bb0760c0f65e114cca1ab5e552dc23b0f118e428a/greenlet-2.0.2-cp39-cp39-manylinux_2_17_x86_64.manylinux2014_x86_64.whl", hash = "sha256:94c817e84245513926588caf1152e3b559ff794d505555211ca041f032abbb6b"},
    {url = "https://files.pythonhosted.org/packages/f0/2e/20eab0fa6353a08b0de055dd54e2575a6869ee693d86387076430475832d/greenlet-2.0.2-cp311-cp311-musllinux_1_1_aarch64.whl", hash = "sha256:eff4eb9b7eb3e4d0cae3d28c283dc16d9bed6b193c2e1ace3ed86ce48ea8df19"},
    {url = "https://files.pythonhosted.org/packages/f4/ad/287efe1d3c8224fa5f9457195a842fc0c4fa4956cb9655a1f4e89914a313/greenlet-2.0.2-cp27-cp27m-win32.whl", hash = "sha256:6c3acb79b0bfd4fe733dff8bc62695283b57949ebcca05ae5c129eb606ff2d74"},
    {url = "https://files.pythonhosted.org/packages/f6/04/74e97d545f9276dee994b959eab3f7d70d77588e5aaedc383d15b0057acd/greenlet-2.0.2-cp39-cp39-macosx_11_0_x86_64.whl", hash = "sha256:88d9ab96491d38a5ab7c56dd7a3cc37d83336ecc564e4e8816dbed12e5aaefc8"},
    {url = "https://files.pythonhosted.org/packages/fa/9a/e0e99a4aa93b16dd58881acb55ac1e2fb011475f2e46cf87843970001882/greenlet-2.0.2-cp37-cp37m-win_amd64.whl", hash = "sha256:7492e2b7bd7c9b9916388d9df23fa49d9b88ac0640db0a5b4ecc2b653bf451e3"},
    {url = "https://files.pythonhosted.org/packages/fc/80/0ed0da38bbb978f39128d7e53ee51c36bed2e4a7460eff92981a3d07f1d4/greenlet-2.0.2-cp37-cp37m-win32.whl", hash = "sha256:3f6ea9bd35eb450837a3d80e77b517ea5bc56b4647f5502cd28de13675ee12f7"},
]
"sqlalchemy 1.4.48" = [
    {url = "https://files.pythonhosted.org/packages/02/27/bd153ccafb21cef8dc3c480985e30da903e3c29a854a19386af76d1e1b1b/SQLAlchemy-1.4.48-cp36-cp36m-win_amd64.whl", hash = "sha256:25887b4f716e085a1c5162f130b852f84e18d2633942c8ca40dfb8519367c14f"},
    {url = "https://files.pythonhosted.org/packages/02/7a/a3568442fcae49073caee663f9fe100090f46fd031393c5dbfe56124cf5d/SQLAlchemy-1.4.48-cp39-cp39-manylinux_2_17_aarch64.manylinux2014_aarch64.whl", hash = "sha256:9d9b55252d2ca42a09bcd10a697fa041e696def9dfab0b78c0aaea1485551a08"},
    {url = "https://files.pythonhosted.org/packages/06/82/c273ae3003b427fa41df06b75d7665eb86199a92eb265c14bf63692cb873/SQLAlchemy-1.4.48-cp311-cp311-macosx_10_9_universal2.whl", hash = "sha256:066c2b0413e8cb980e6d46bf9d35ca83be81c20af688fedaef01450b06e4aa5e"},
    {url = "https://files.pythonhosted.org/packages/10/d2/df7e401fd1fef661df29cedaf51cafb06694623b9cec84197d8448381806/SQLAlchemy-1.4.48-cp39-cp39-macosx_11_0_x86_64.whl", hash = "sha256:a1fc046756cf2a37d7277c93278566ddf8be135c6a58397b4c940abf837011f4"},
    {url = "https://files.pythonhosted.org/packages/1a/14/0e14f5ce169f961677077f67545c4eee6ccdb9f519477d520d54f1e38770/SQLAlchemy-1.4.48-cp310-cp310-win32.whl", hash = "sha256:d53cd8bc582da5c1c8c86b6acc4ef42e20985c57d0ebc906445989df566c5603"},
    {url = "https://files.pythonhosted.org/packages/1f/39/8f86e46cdbd7590671907ccd351bb8589677eb1cba9811cd64e38bc19d55/SQLAlchemy-1.4.48-cp39-cp39-win32.whl", hash = "sha256:eee09350fd538e29cfe3a496ec6f148504d2da40dbf52adefb0d2f8e4d38ccc4"},
    {url = "https://files.pythonhosted.org/packages/26/eb/365267460132cfe79822e9f2820323993c94189b69ced91a874b1f8ee517/SQLAlchemy-1.4.48-cp310-cp310-manylinux_2_5_x86_64.manylinux1_x86_64.manylinux_2_17_x86_64.manylinux2014_x86_64.whl", hash = "sha256:fb0808ad34167f394fea21bd4587fc62f3bd81bba232a1e7fbdfa17e6cfa7cd7"},
    {url = "https://files.pythonhosted.org/packages/2e/5a/b16d79fc5c56dc2b038647449001cd8e69625b2f5f38d0121820dd4a2233/SQLAlchemy-1.4.48-cp27-cp27mu-manylinux_2_5_x86_64.manylinux1_x86_64.whl", hash = "sha256:9af1db7a287ef86e0f5cd990b38da6bd9328de739d17e8864f1817710da2d217"},
    {url = "https://files.pythonhosted.org/packages/2f/56/807e68621d4947af55a17aac9887f50ed400a223ca9dcab30531cc25fdd2/SQLAlchemy-1.4.48-cp39-cp39-win_amd64.whl", hash = "sha256:7ad2b0f6520ed5038e795cc2852eb5c1f20fa6831d73301ced4aafbe3a10e1f6"},
    {url = "https://files.pythonhosted.org/packages/37/30/3225c70e4f61ab540b21e8cb94265dadd562c1919937420e3dc9d9396b1d/SQLAlchemy-1.4.48-cp37-cp37m-manylinux_2_5_x86_64.manylinux1_x86_64.manylinux_2_12_x86_64.manylinux2010_x86_64.whl", hash = "sha256:68413aead943883b341b2b77acd7a7fe2377c34d82e64d1840860247cec7ff7c"},
    {url = "https://files.pythonhosted.org/packages/38/5f/6df9c80aea80ae427199714a007df609585c8e65da4fb39835bb7b9a4da2/SQLAlchemy-1.4.48-cp311-cp311-manylinux_2_17_aarch64.manylinux2014_aarch64.whl", hash = "sha256:c99bf13e07140601d111a7c6f1fc1519914dd4e5228315bbda255e08412f61a4"},
    {url = "https://files.pythonhosted.org/packages/52/4c/8f2a0cdd0bd57370838a96bfd610d08f01b864d7b5c95690ae928e3bbbe4/SQLAlchemy-1.4.48-cp310-cp310-win_amd64.whl", hash = "sha256:4355e5915844afdc5cf22ec29fba1010166e35dd94a21305f49020022167556b"},
    {url = "https://files.pythonhosted.org/packages/56/a8/02127ba289999dff0701fdfc6acd030aea0fc02c3f940f3cb98b7eea9a85/SQLAlchemy-1.4.48-cp38-cp38-manylinux_2_5_x86_64.manylinux1_x86_64.manylinux_2_12_x86_64.manylinux2010_x86_64.whl", hash = "sha256:005e942b451cad5285015481ae4e557ff4154dde327840ba91b9ac379be3b6ce"},
    {url = "https://files.pythonhosted.org/packages/56/f9/6c75613201e50dbc5d438dbadc38a0a772208931b345fa7d16081433223e/SQLAlchemy-1.4.48-cp310-cp310-manylinux_2_5_x86_64.manylinux1_x86_64.manylinux_2_12_x86_64.manylinux2010_x86_64.whl", hash = "sha256:87609f6d4e81a941a17e61a4c19fee57f795e96f834c4f0a30cee725fc3f81d9"},
    {url = "https://files.pythonhosted.org/packages/5d/07/b8cbe6f4535fd2d1b84b9d07ef882d42864ceaee59ca03b6fff91a0a7f05/SQLAlchemy-1.4.48-cp36-cp36m-win32.whl", hash = "sha256:e3e98d4907805b07743b583a99ecc58bf8807ecb6985576d82d5e8ae103b5272"},
    {url = "https://files.pythonhosted.org/packages/61/df/4e0f3d9a442a8bb75aeffa2fd780af11b8a82cf0b5eeb8574eb747b4f241/SQLAlchemy-1.4.48-cp38-cp38-manylinux_2_5_x86_64.manylinux1_x86_64.manylinux_2_17_x86_64.manylinux2014_x86_64.whl", hash = "sha256:9c8cfe951ed074ba5e708ed29c45397a95c4143255b0d022c7c8331a75ae61f3"},
    {url = "https://files.pythonhosted.org/packages/63/4b/f25378dfaddd294b7d0b893b833ed824dedcd31f6e99f480e449d984613b/SQLAlchemy-1.4.48-cp27-cp27m-macosx_10_14_x86_64.whl", hash = "sha256:4bac3aa3c3d8bc7408097e6fe8bf983caa6e9491c5d2e2488cfcfd8106f13b6a"},
    {url = "https://files.pythonhosted.org/packages/76/7a/0ab9f8204ffd422c4c385e4d86e071f0847d28a9bbb281c87736d64fe56c/SQLAlchemy-1.4.48-cp39-cp39-manylinux_2_5_x86_64.manylinux1_x86_64.manylinux_2_12_x86_64.manylinux2010_x86_64.whl", hash = "sha256:6dab89874e72a9ab5462997846d4c760cdb957958be27b03b49cf0de5e5c327c"},
    {url = "https://files.pythonhosted.org/packages/78/57/572bfc630f5a60e631d7a35cd3f8e9f89bdb03d24fec2a686e75d3749195/SQLAlchemy-1.4.48-cp310-cp310-macosx_11_0_x86_64.whl", hash = "sha256:ce7915eecc9c14a93b73f4e1c9d779ca43e955b43ddf1e21df154184f39748e5"},
    {url = "https://files.pythonhosted.org/packages/78/9c/8aeb443ebb829239b18a3668a7df5c51e10b2efdf77bd7efdbe2d0043c9b/SQLAlchemy-1.4.48-cp27-cp27m-win_amd64.whl", hash = "sha256:627e04a5d54bd50628fc8734d5fc6df2a1aa5962f219c44aad50b00a6cdcf965"},
    {url = "https://files.pythonhosted.org/packages/7a/62/d39a403944c41db87e29ee1b87304371d28930ba7086f8541f51c6381e83/SQLAlchemy-1.4.48-cp38-cp38-manylinux_2_17_aarch64.manylinux2014_aarch64.whl", hash = "sha256:44d29a3fc6d9c45962476b470a81983dd8add6ad26fdbfae6d463b509d5adcda"},
    {url = "https://files.pythonhosted.org/packages/88/76/13d1f11a3bac70510ac4c5db61371d9bf2b3fa0b4c4d0beb2b4c0c9697e7/SQLAlchemy-1.4.48-cp27-cp27m-win32.whl", hash = "sha256:cbbe8b8bffb199b225d2fe3804421b7b43a0d49983f81dc654d0431d2f855543"},
    {url = "https://files.pythonhosted.org/packages/8c/2e/c3918f1717dc7c0e678afde023bcbf1c0df4f4995a45782eb8f164f033df/SQLAlchemy-1.4.48-cp37-cp37m-macosx_10_15_x86_64.whl", hash = "sha256:0817c181271b0ce5df1aa20949f0a9e2426830fed5ecdcc8db449618f12c2730"},
    {url = "https://files.pythonhosted.org/packages/8c/3a/da494335eadc2a2c6334fa657921476e78f698e3559c8170aab17989f22e/SQLAlchemy-1.4.48-cp36-cp36m-manylinux_2_17_aarch64.manylinux2014_aarch64.whl", hash = "sha256:2fc2ab4d9f6d9218a5caa4121bdcf1125303482a1cdcfcdbd8567be8518969c0"},
    {url = "https://files.pythonhosted.org/packages/8c/56/e737235cbf33473c117d5aeb5aadf52b30654233388c7bd2742bb47d0a7c/SQLAlchemy-1.4.48-cp38-cp38-macosx_10_15_x86_64.whl", hash = "sha256:92e6133cf337c42bfee03ca08c62ba0f2d9695618c8abc14a564f47503157be9"},
    {url = "https://files.pythonhosted.org/packages/91/b3/5b869b774e2c9bd901d1857420f79bc18b118b6472f31990caef26ba2003/SQLAlchemy-1.4.48-cp311-cp311-win32.whl", hash = "sha256:49c312bcff4728bffc6fb5e5318b8020ed5c8b958a06800f91859fe9633ca20e"},
    {url = "https://files.pythonhosted.org/packages/96/d2/e6b6974af5f4e2eb56e521a006506b1b05a1bd1c3c0acb967e73a1c82b3d/SQLAlchemy-1.4.48-cp37-cp37m-win_amd64.whl", hash = "sha256:eb5464ee8d4bb6549d368b578e9529d3c43265007193597ddca71c1bae6174e6"},
    {url = "https://files.pythonhosted.org/packages/a7/f7/cba2ca9f8663d392727caee75ab5f0a853c5b1053d57de0590fb35aefb12/SQLAlchemy-1.4.48-cp36-cp36m-macosx_10_14_x86_64.whl", hash = "sha256:3509159e050bd6d24189ec7af373359f07aed690db91909c131e5068176c5a5d"},
    {url = "https://files.pythonhosted.org/packages/a9/8f/245ef21625d2c6f93f33eaca21d98935acbf15c4d93b4abbacf0e435cc03/SQLAlchemy-1.4.48-cp36-cp36m-manylinux_2_5_x86_64.manylinux1_x86_64.manylinux_2_17_x86_64.manylinux2014_x86_64.whl", hash = "sha256:6f82d8efea1ca92b24f51d3aea1a82897ed2409868a0af04247c8c1e4fef5890"},
    {url = "https://files.pythonhosted.org/packages/b0/2c/decd44e3b1a792131a7e002d07d0daf19fefdad87404f40df27e8e18b094/SQLAlchemy-1.4.48-cp38-cp38-win_amd64.whl", hash = "sha256:2b562e9d1e59be7833edf28b0968f156683d57cabd2137d8121806f38a9d58f4"},
    {url = "https://files.pythonhosted.org/packages/b9/7a/6f075e189257f2b70cca85b6f3afeb7ca9cef80f0869e9f43b3e3eadd66d/SQLAlchemy-1.4.48.tar.gz", hash = "sha256:b47bc287096d989a0838ce96f7d8e966914a24da877ed41a7531d44b55cdb8df"},
    {url = "https://files.pythonhosted.org/packages/c0/54/cabea7d0f8205f94eb2b4d326263174d45bf3e4fa0b642428414c9678d73/SQLAlchemy-1.4.48-cp37-cp37m-win32.whl", hash = "sha256:11c6b1de720f816c22d6ad3bbfa2f026f89c7b78a5c4ffafb220e0183956a92a"},
    {url = "https://files.pythonhosted.org/packages/c3/e5/8e29370d82a4c19620b0d669297f8fd55df4cb57d902b787db731a3ba82b/SQLAlchemy-1.4.48-cp27-cp27m-manylinux_2_5_x86_64.manylinux1_x86_64.whl", hash = "sha256:dbcae0e528d755f4522cad5842f0942e54b578d79f21a692c44d91352ea6d64e"},
    {url = "https://files.pythonhosted.org/packages/cf/4d/62ac13eef2cbad6f5f06900466a570df9a202f4e9f57e9f0da76fc2ba652/SQLAlchemy-1.4.48-cp310-cp310-manylinux_2_17_aarch64.manylinux2014_aarch64.whl", hash = "sha256:5381ddd09a99638f429f4cbe1b71b025bed318f6a7b23e11d65f3eed5e181c33"},
    {url = "https://files.pythonhosted.org/packages/d8/e1/a989b9638ee81e07f78bfaa21bd8d917e4366bb48f5f5c7b6cca30306609/SQLAlchemy-1.4.48-cp38-cp38-win32.whl", hash = "sha256:2b9af65cc58726129d8414fc1a1a650dcdd594ba12e9c97909f1f57d48e393d3"},
    {url = "https://files.pythonhosted.org/packages/d9/2a/d2a38c5b870cbd56c789f6d5eed6685d1b04af6b202a91f97ca65db70891/SQLAlchemy-1.4.48-cp39-cp39-manylinux_2_5_x86_64.manylinux1_x86_64.manylinux_2_17_x86_64.manylinux2014_x86_64.whl", hash = "sha256:1fd8b5ee5a3acc4371f820934b36f8109ce604ee73cc668c724abb054cebcb6e"},
    {url = "https://files.pythonhosted.org/packages/dd/62/01343d46a0f8652bcff2528a8cc2eb6889a25cdcd9f4edd2ffeb3e7f8d66/SQLAlchemy-1.4.48-cp37-cp37m-manylinux_2_17_aarch64.manylinux2014_aarch64.whl", hash = "sha256:fe1dd2562313dd9fe1778ed56739ad5d9aae10f9f43d9f4cf81d65b0c85168bb"},
    {url = "https://files.pythonhosted.org/packages/dd/a3/b4602b7593da6d9f68cdc8ea7938245aa213e09a95999c053ec7dfa06d25/SQLAlchemy-1.4.48-cp311-cp311-manylinux_2_5_x86_64.manylinux1_x86_64.manylinux_2_17_x86_64.manylinux2014_x86_64.whl", hash = "sha256:2ee26276f12614d47cc07bc85490a70f559cba965fb178b1c45d46ffa8d73fda"},
    {url = "https://files.pythonhosted.org/packages/dd/cd/ca073049385c86d759900891962c6e10776f07cb3bae467b1a9248d1bff7/SQLAlchemy-1.4.48-cp36-cp36m-manylinux_2_5_x86_64.manylinux1_x86_64.manylinux_2_12_x86_64.manylinux2010_x86_64.whl", hash = "sha256:e1ddbbcef9bcedaa370c03771ebec7e39e3944782bef49e69430383c376a250b"},
    {url = "https://files.pythonhosted.org/packages/e3/0c/817243f90e6614f7fd6a01370a590f6176a36a2e1f9ebf6226c160a5d8cb/SQLAlchemy-1.4.48-cp37-cp37m-manylinux_2_5_x86_64.manylinux1_x86_64.manylinux_2_17_x86_64.manylinux2014_x86_64.whl", hash = "sha256:fbde5642104ac6e95f96e8ad6d18d9382aa20672008cf26068fe36f3004491df"},
    {url = "https://files.pythonhosted.org/packages/f7/1a/86055cc600d9b97b161270ae822488f6735daa5aeb5f456d4f12c1c24d99/SQLAlchemy-1.4.48-cp311-cp311-win_amd64.whl", hash = "sha256:cef2e2abc06eab187a533ec3e1067a71d7bbec69e582401afdf6d8cad4ba3515"},
]
